
Microsoft Visual Studio Solution File, Format Version 12.00
# Visual Studio Version 17
VisualStudioVersion = 17.14.36623.8 d17.14
MinimumVisualStudioVersion = 10.0.40219.1
Project("{FAE04EC0-301F-11D3-BF4B-00C04F79EFBC}") = "TPParcial", "TPParcial.csproj", "{CE7F1983-836D-405A-A538-583F1561F6D7}"
EndProject
Global
	GlobalSection(SolutionConfigurationPlatforms) = preSolution
		Debug|Any CPU = Debug|Any CPU
		Release|Any CPU = Release|Any CPU
	EndGlobalSection
	GlobalSection(ProjectConfigurationPlatforms) = postSolution
		{CE7F1983-836D-405A-A538-583F1561F6D7}.Debug|Any CPU.ActiveCfg = Debug|Any CPU
		{CE7F1983-836D-405A-A538-583F1561F6D7}.Debug|Any CPU.Build.0 = Debug|Any CPU
		{CE7F1983-836D-405A-A538-583F1561F6D7}.Release|Any CPU.ActiveCfg = Release|Any CPU
		{CE7F1983-836D-405A-A538-583F1561F6D7}.Release|Any CPU.Build.0 = Release|Any CPU
	EndGlobalSection
	GlobalSection(SolutionProperties) = preSolution
		HideSolutionNode = FALSE
	EndGlobalSection
	GlobalSection(ExtensibilityGlobals) = postSolution
		SolutionGuid = {6B93BD31-B4F5-4EEC-A61F-09BDC60827CF}
	EndGlobalSection
EndGlobal
